
Microsoft Visual Studio Solution File, Format Version 12.00
# Visual Studio Version 17
VisualStudioVersion = 17.8.34511.84
MinimumVisualStudioVersion = 10.0.40219.1
Project("{FAE04EC0-301F-11D3-BF4B-00C04F79EFBC}") = "QAClassificator", "QAClassificator\QAClassificator.csproj", "{C03F40CB-4DBA-4C32-BADA-4852BEADE1A9}"
EndProject
Global
	GlobalSection(SolutionConfigurationPlatforms) = preSolution
		Debug|Any CPU = Debug|Any CPU
		Release|Any CPU = Release|Any CPU
	EndGlobalSection
	GlobalSection(ProjectConfigurationPlatforms) = postSolution
		{C03F40CB-4DBA-4C32-BADA-4852BEADE1A9}.Debug|Any CPU.ActiveCfg = Debug|Any CPU
		{C03F40CB-4DBA-4C32-BADA-4852BEADE1A9}.Debug|Any CPU.Build.0 = Debug|Any CPU
		{C03F40CB-4DBA-4C32-BADA-4852BEADE1A9}.Release|Any CPU.ActiveCfg = Release|Any CPU
		{C03F40CB-4DBA-4C32-BADA-4852BEADE1A9}.Release|Any CPU.Build.0 = Release|Any CPU
	EndGlobalSection
	GlobalSection(SolutionProperties) = preSolution
		HideSolutionNode = FALSE
	EndGlobalSection
	GlobalSection(ExtensibilityGlobals) = postSolution
		SolutionGuid = {269613D3-652B-4F2D-97A6-945046DA9D60}
	EndGlobalSection
EndGlobal
